
Microsoft Visual Studio Solution File, Format Version 12.00
# Visual Studio Version 17
VisualStudioVersion = 17.14.36212.18
MinimumVisualStudioVersion = 10.0.40219.1
Project("{FAE04EC0-301F-11D3-BF4B-00C04F79EFBC}") = "MVCProject", "MVCProject\MVCProject.csproj", "{471CE5B8-3C6B-493C-B06D-4A51B0C1A79C}"
EndProject
Project("{FAE04EC0-301F-11D3-BF4B-00C04F79EFBC}") = "BlazorWASM", "BlazorWASM\BlazorWASM.csproj", "{23DF69A0-DE13-4D3A-8E8F-06E8732CCA20}"
EndProject
Global
	GlobalSection(SolutionConfigurationPlatforms) = preSolution
		Debug|Any CPU = Debug|Any CPU
		Release|Any CPU = Release|Any CPU
	EndGlobalSection
	GlobalSection(ProjectConfigurationPlatforms) = postSolution
		{471CE5B8-3C6B-493C-B06D-4A51B0C1A79C}.Debug|Any CPU.ActiveCfg = Debug|Any CPU
		{471CE5B8-3C6B-493C-B06D-4A51B0C1A79C}.Debug|Any CPU.Build.0 = Debug|Any CPU
		{471CE5B8-3C6B-493C-B06D-4A51B0C1A79C}.Release|Any CPU.ActiveCfg = Release|Any CPU
		{471CE5B8-3C6B-493C-B06D-4A51B0C1A79C}.Release|Any CPU.Build.0 = Release|Any CPU
		{23DF69A0-DE13-4D3A-8E8F-06E8732CCA20}.Debug|Any CPU.ActiveCfg = Debug|Any CPU
		{23DF69A0-DE13-4D3A-8E8F-06E8732CCA20}.Debug|Any CPU.Build.0 = Debug|Any CPU
		{23DF69A0-DE13-4D3A-8E8F-06E8732CCA20}.Release|Any CPU.ActiveCfg = Release|Any CPU
		{23DF69A0-DE13-4D3A-8E8F-06E8732CCA20}.Release|Any CPU.Build.0 = Release|Any CPU
	EndGlobalSection
	GlobalSection(SolutionProperties) = preSolution
		HideSolutionNode = FALSE
	EndGlobalSection
	GlobalSection(ExtensibilityGlobals) = postSolution
		SolutionGuid = {61244704-2BB1-471A-AD1C-CA829CB9E6F8}
	EndGlobalSection
EndGlobal
